// !$*UTF8*$!
{
	archiveVersion = 1;
	classes = {
	};
	objectVersion = 46;
	objects = {

/* Begin PBXBuildFile section */
		11201A191F3D8F6800B548DD /* AppDelegate.swift in Sources */ = {isa = PBXBuildFile; fileRef = 11201A181F3D8F6800B548DD /* AppDelegate.swift */; };
		11201A1B1F3D8F6800B548DD /* ViewController.swift in Sources */ = {isa = PBXBuildFile; fileRef = 11201A1A1F3D8F6800B548DD /* ViewController.swift */; };
		11201A1E1F3D8F6800B548DD /* Main.storyboard in Resources */ = {isa = PBXBuildFile; fileRef = 11201A1C1F3D8F6800B548DD /* Main.storyboard */; };
		11201A201F3D8F6800B548DD /* Assets.xcassets in Resources */ = {isa = PBXBuildFile; fileRef = 11201A1F1F3D8F6800B548DD /* Assets.xcassets */; };
		11201A231F3D8F6800B548DD /* LaunchScreen.storyboard in Resources */ = {isa = PBXBuildFile; fileRef = 11201A211F3D8F6800B548DD /* LaunchScreen.storyboard */; };
		11201A2B1F3D8F8600B548DD /* UIPhotosButton.swift in Sources */ = {isa = PBXBuildFile; fileRef = 11201A2A1F3D8F8600B548DD /* UIPhotosButton.swift */; };
/* End PBXBuildFile section */

/* Begin PBXFileReference section */
		1112AE011F3DBA8F0041F270 /* Simulator Screen Shot - iPhone 7 Plus - 2017-08-11 at 15.41.55.png */ = {isa = PBXFileReference; lastKnownFileType = image.png; path = "Simulator Screen Shot - iPhone 7 Plus - 2017-08-11 at 15.41.55.png"; sourceTree = "<group>"; };
		1112AE021F3DBA8F0041F270 /* Simulator Screen Shot - iPhone 7 Plus - 2017-08-11 at 15.42.21.png */ = {isa = PBXFileReference; lastKnownFileType = image.png; path = "Simulator Screen Shot - iPhone 7 Plus - 2017-08-11 at 15.42.21.png"; sourceTree = "<group>"; };
		11201A151F3D8F6800B548DD /* UIbutton.app */ = {isa = PBXFileReference; explicitFileType = wrapper.application; includeInIndex = 0; path = UIbutton.app; sourceTree = BUILT_PRODUCTS_DIR; };
		11201A181F3D8F6800B548DD /* AppDelegate.swift */ = {isa = PBXFileReference; lastKnownFileType = sourcecode.swift; path = AppDelegate.swift; sourceTree = "<group>"; };
		11201A1A1F3D8F6800B548DD /* ViewController.swift */ = {isa = PBXFileReference; lastKnownFileType = sourcecode.swift; path = ViewController.swift; sourceTree = "<group>"; };
		11201A1D1F3D8F6800B548DD /* Base */ = {isa = PBXFileReference; lastKnownFileType = file.storyboard; name = Base; path = Base.lproj/Main.storyboard; sourceTree = "<group>"; };
		11201A1F1F3D8F6800B548DD /* Assets.xcassets */ = {isa = PBXFileReference; lastKnownFileType = folder.assetcatalog; path = Assets.xcassets; sourceTree = "<group>"; };
		11201A221F3D8F6800B548DD /* Base */ = {isa = PBXFileReference; lastKnownFileType = file.storyboard; name = Base; path = Base.lproj/LaunchScreen.storyboard; sourceTree = "<group>"; };
		11201A241F3D8F6800B548DD /* Info.plist */ = {isa = PBXFileReference; lastKnownFileType = text.plist.xml; path = Info.plist; sourceTree = "<group>"; };
		11201A2A1F3D8F8600B548DD /* UIPhotosButton.swift */ = {isa = PBXFileReference; fileEncoding = 4; lastKnownFileType = sourcecode.swift; path = UIPhotosButton.swift; sourceTree = "<group>"; };
		11879EC61F3DA5E70010821B /* README.md */ = {isa = PBXFileReference; lastKnownFileType = net.daringfireball.markdown; path = README.md; sourceTree = "<group>"; };
/* End PBXFileReference section */

/* Begin PBXFrameworksBuildPhase section */
		11201A121F3D8F6800B548DD /* Frameworks */ = {
			isa = PBXFrameworksBuildPhase;
			buildActionMask = 2147483647;
			files = (
			);
			runOnlyForDeploymentPostprocessing = 0;
		};
/* End PBXFrameworksBuildPhase section */

/* Begin PBXGroup section */
		11201A0C1F3D8F6800B548DD = {
			isa = PBXGroup;
			children = (
				11201A171F3D8F6800B548DD /* UIbutton */,
				11201A161F3D8F6800B548DD /* Products */,
			);
			sourceTree = "<group>";
		};
		11201A161F3D8F6800B548DD /* Products */ = {
			isa = PBXGroup;
			children = (
				11201A151F3D8F6800B548DD /* UIbutton.app */,
			);
			name = Products;
			sourceTree = "<group>";
		};
		11201A171F3D8F6800B548DD /* UIbutton */ = {
			isa = PBXGroup;
			children = (
				11201A181F3D8F6800B548DD /* AppDelegate.swift */,
				11201A1A1F3D8F6800B548DD /* ViewController.swift */,
				11879EC61F3DA5E70010821B /* README.md */,
				11201A2A1F3D8F8600B548DD /* UIPhotosButton.swift */,
				11201A1C1F3D8F6800B548DD /* Main.storyboard */,
				11201A1F1F3D8F6800B548DD /* Assets.xcassets */,
				11201A211F3D8F6800B548DD /* LaunchScreen.storyboard */,
				11201A241F3D8F6800B548DD /* Info.plist */,
				1112AE011F3DBA8F0041F270 /* Simulator Screen Shot - iPhone 7 Plus - 2017-08-11 at 15.41.55.png */,
				1112AE021F3DBA8F0041F270 /* Simulator Screen Shot - iPhone 7 Plus - 2017-08-11 at 15.42.21.png */,
			);
			path = UIbutton;
			sourceTree = "<group>";
		};
/* End PBXGroup section */

/* Begin PBXNativeTarget section */
		11201A141F3D8F6800B548DD /* UIbutton */ = {
			isa = PBXNativeTarget;
			buildConfigurationList = 11201A271F3D8F6800B548DD /* Build configuration list for PBXNativeTarget "UIbutton" */;
			buildPhases = (
				11201A111F3D8F6800B548DD /* Sources */,
				11201A121F3D8F6800B548DD /* Frameworks */,
				11201A131F3D8F6800B548DD /* Resources */,
			);
			buildRules = (
			);
			dependencies = (
			);
			name = UIbutton;
			productName = UIbutton;
			productReference = 11201A151F3D8F6800B548DD /* UIbutton.app */;
			productType = "com.apple.product-type.application";
		};
/* End PBXNativeTarget section */

/* Begin PBXProject section */
		11201A0D1F3D8F6800B548DD /* Project object */ = {
			isa = PBXProject;
			attributes = {
				LastSwiftUpdateCheck = 0830;
				LastUpgradeCheck = 0830;
				ORGANIZATIONNAME = "vijay vir";
				TargetAttributes = {
					11201A141F3D8F6800B548DD = {
						CreatedOnToolsVersion = 8.3.3;
						ProvisioningStyle = Automatic;
					};
				};
			};
			buildConfigurationList = 11201A101F3D8F6800B548DD /* Build configuration list for PBXProject "UIbutton" */;
			compatibilityVersion = "Xcode 3.2";
			developmentRegion = English;
			hasScannedForEncodings = 0;
			knownRegions = (
				en,
				Base,
			);
			mainGroup = 11201A0C1F3D8F6800B548DD;
			productRefGroup = 11201A161F3D8F6800B548DD /* Products */;
			projectDirPath = "";
			projectRoot = "";
			targets = (
				11201A141F3D8F6800B548DD /* UIbutton */,
			);
		};
/* End PBXProject section */

/* Begin PBXResourcesBuildPhase section */
		11201A131F3D8F6800B548DD /* Resources */ = {
			isa = PBXResourcesBuildPhase;
			buildActionMask = 2147483647;
			files = (
				11201A231F3D8F6800B548DD /* LaunchScreen.storyboard in Resources */,
				11201A201F3D8F6800B548DD /* Assets.xcassets in Resources */,
				11201A1E1F3D8F6800B548DD /* Main.storyboard in Resources */,
			);
			runOnlyForDeploymentPostprocessing = 0;
		};
/* End PBXResourcesBuildPhase section */

/* Begin PBXSourcesBuildPhase section */
		11201A111F3D8F6800B548DD /* Sources */ = {
			isa = PBXSourcesBuildPhase;
			buildActionMask = 2147483647;
			files = (
				11201A1B1F3D8F6800B548DD /* ViewController.swift in Sources */,
				11201A2B1F3D8F8600B548DD /* UIPhotosButton.swift in Sources */,
				11201A191F3D8F6800B548DD /* AppDelegate.swift in Sources */,
			);
			runOnlyForDeploymentPostprocessing = 0;
		};
/* End PBXSourcesBuildPhase section */

/* Begin PBXVariantGroup section */
		11201A1C1F3D8F6800B548DD /* Main.storyboard */ = {
			isa = PBXVariantGroup;
			children = (
				11201A1D1F3D8F6800B548DD /* Base */,
			);
			name = Main.storyboard;
			sourceTree = "<group>";
		};
		11201A211F3D8F6800B548DD /* LaunchScreen.storyboard */ = {
			isa = PBXVariantGroup;
			children = (
				11201A221F3D8F6800B548DD /* Base */,
			);
			name = LaunchScreen.storyboard;
			sourceTree = "<group>";
		};
/* End PBXVariantGroup section */

/* Begin XCBuildConfiguration section */
		11201A251F3D8F6800B548DD /* Debug */ = {
			isa = XCBuildConfiguration;
			buildSettings = {
				ALWAYS_SEARCH_USER_PATHS = NO;
				CLANG_ANALYZER_NONNULL = YES;
				CLANG_ANALYZER_NUMBER_OBJECT_CONVERSION = YES_AGGRESSIVE;
				CLANG_CXX_LANGUAGE_STANDARD = "gnu++0x";
				CLANG_CXX_LIBRARY = "libc++";
				CLANG_ENABLE_MODULES = YES;
				CLANG_ENABLE_OBJC_ARC = YES;
				CLANG_WARN_BOOL_CONVERSION = YES;
				CLANG_WARN_CONSTANT_CONVERSION = YES;
				CLANG_WARN_DIRECT_OBJC_ISA_USAGE = YES_ERROR;
				CLANG_WARN_DOCUMENTATION_COMMENTS = YES;
				CLANG_WARN_EMPTY_BODY = YES;
				CLANG_WARN_ENUM_CONVERSION = YES;
				CLANG_WARN_INFINITE_RECURSION = YES;
				CLANG_WARN_INT_CONVERSION = YES;
				CLANG_WARN_OBJC_ROOT_CLASS = YES_ERROR;
				CLANG_WARN_SUSPICIOUS_MOVE = YES;
				CLANG_WARN_UNREACHABLE_CODE = YES;
				CLANG_WARN__DUPLICATE_METHOD_MATCH = YES;
				"CODE_SIGN_IDENTITY[sdk=iphoneos*]" = "iPhone Developer";
				COPY_PHASE_STRIP = NO;
				DEBUG_INFORMATION_FORMAT = dwarf;
				ENABLE_STRICT_OBJC_MSGSEND = YES;
				ENABLE_TESTABILITY = YES;
				GCC_C_LANGUAGE_STANDARD = gnu99;
				GCC_DYNAMIC_NO_PIC = NO;
				GCC_NO_COMMON_BLOCKS = YES;
				GCC_OPTIMIZATION_LEVEL = 0;
				GCC_PREPROCESSOR_DEFINITIONS = (
					"DEBUG=1",
					"$(inherited)",
				);
				GCC_WARN_64_TO_32_BIT_CONVERSION = YES;
				GCC_WARN_ABOUT_RETURN_TYPE = YES_ERROR;
				GCC_WARN_UNDECLARED_SELECTOR = YES;
				GCC_WARN_UNINITIALIZED_AUTOS = YES_AGGRESSIVE;
				GCC_WARN_UNUSED_FUNCTION = YES;
				GCC_WARN_UNUSED_VARIABLE = YES;
				IPHONEOS_DEPLOYMENT_TARGET = 10.3;
				MTL_ENABLE_DEBUG_INFO = YES;
				ONLY_ACTIVE_ARCH = YES;
				SDKROOT = iphoneos;
				SWIFT_ACTIVE_COMPILATION_CONDITIONS = DEBUG;
				SWIFT_OPTIMIZATION_LEVEL = "-Onone";
			};
			name = Debug;
		};
		11201A261F3D8F6800B548DD /* Release */ = {
			isa = XCBuildConfiguration;
			buildSettings = {
				ALWAYS_SEARCH_USER_PATHS = NO;
				CLANG_ANALYZER_NONNULL = YES;
				CLANG_ANALYZER_NUMBER_OBJECT_CONVERSION = YES_AGGRESSIVE;
				CLANG_CXX_LANGUAGE_STANDARD = "gnu++0x";
				CLANG_CXX_LIBRARY = "libc++";
				CLANG_ENABLE_MODULES = YES;
				CLANG_ENABLE_OBJC_ARC = YES;
				CLANG_WARN_BOOL_CONVERSION = YES;
				CLANG_WARN_CONSTANT_CONVERSION = YES;
				CLANG_WARN_DIRECT_OBJC_ISA_USAGE = YES_ERROR;
				CLANG_WARN_DOCUMENTATION_COMMENTS = YES;
				CLANG_WARN_EMPTY_BODY = YES;
				CLANG_WARN_ENUM_CONVERSION = YES;
				CLANG_WARN_INFINITE_RECURSION = YES;
				CLANG_WARN_INT_CONVERSION = YES;
				CLANG_WARN_OBJC_ROOT_CLASS = YES_ERROR;
				CLANG_WARN_SUSPICIOUS_MOVE = YES;
				CLANG_WARN_UNREACHABLE_CODE = YES;
				CLANG_WARN__DUPLICATE_METHOD_MATCH = YES;
				"CODE_SIGN_IDENTITY[sdk=iphoneos*]" = "iPhone Developer";
				COPY_PHASE_STRIP = NO;
				DEBUG_INFORMATION_FORMAT = "dwarf-with-dsym";
				ENABLE_NS_ASSERTIONS = NO;
				ENABLE_STRICT_OBJC_MSGSEND = YES;
				GCC_C_LANGUAGE_STANDARD = gnu99;
				GCC_NO_COMMON_BLOCKS = YES;
				GCC_WARN_64_TO_32_BIT_CONVERSION = YES;
				GCC_WARN_ABOUT_RETURN_TYPE = YES_ERROR;
				GCC_WARN_UNDECLARED_SELECTOR = YES;
				GCC_WARN_UNINITIALIZED_AUTOS = YES_AGGRESSIVE;
				GCC_WARN_UNUSED_FUNCTION = YES;
				GCC_WARN_UNUSED_VARIABLE = YES;
				IPHONEOS_DEPLOYMENT_TARGET = 10.3;
				MTL_ENABLE_DEBUG_INFO = NO;
				SDKROOT = iphoneos;
				SWIFT_OPTIMIZATION_LEVEL = "-Owholemodule";
				VALIDATE_PRODUCT = YES;
			};
			name = Release;
		};
		11201A281F3D8F6800B548DD /* Debug */ = {
			isa = XCBuildConfiguration;
			buildSettings = {
				ASSETCATALOG_COMPILER_APPICON_NAME = AppIcon;
				INFOPLIST_FILE = UIbutton/Info.plist;
				IPHONEOS_DEPLOYMENT_TARGET = 10.2;
				LD_RUNPATH_SEARCH_PATHS = "$(inherited) @executable_path/Frameworks";
				PRODUCT_BUNDLE_IDENTIFIER = com.Pantlia.UIbutton;
				PRODUCT_NAME = "$(TARGET_NAME)";
				SWIFT_VERSION = 3.0;
			};
			name = Debug;
		};
		11201A291F3D8F6800B548DD /* Release */ = {
			isa = XCBuildConfiguration;
			buildSettings = {
				ASSETCATALOG_COMPILER_APPICON_NAME = AppIcon;
				INFOPLIST_FILE = UIbutton/Info.plist;
				IPHONEOS_DEPLOYMENT_TARGET = 10.2;
				LD_RUNPATH_SEARCH_PATHS = "$(inherited) @executable_path/Frameworks";
				PRODUCT_BUNDLE_IDENTIFIER = com.Pantlia.UIbutton;
				PRODUCT_NAME = "$(TARGET_NAME)";
				SWIFT_VERSION = 3.0;
			};
			name = Release;
		};
/* End XCBuildConfiguration section */

/* Begin XCConfigurationList section */
		11201A101F3D8F6800B548DD /* Build configuration list for PBXProject "UIbutton" */ = {
			isa = XCConfigurationList;
			buildConfigurations = (
				11201A251F3D8F6800B548DD /* Debug */,
				11201A261F3D8F6800B548DD /* Release */,
			);
			defaultConfigurationIsVisible = 0;
			defaultConfigurationName = Release;
		};
		11201A271F3D8F6800B548DD /* Build configuration list for PBXNativeTarget "UIbutton" */ = {
			isa = XCConfigurationList;
			buildConfigurations = (
				11201A281F3D8F6800B548DD /* Debug */,
				11201A291F3D8F6800B548DD /* Release */,
			);
			defaultConfigurationIsVisible = 0;
			defaultConfigurationName = Release;
		};
/* End XCConfigurationList section */
	};
	rootObject = 11201A0D1F3D8F6800B548DD /* Project object */;
}
