// !$*UTF8*$!
{
	archiveVersion = 1;
	classes = {
	};
	objectVersion = 46;
	objects = {

/* Begin PBXBuildFile section */
		116D7A7E1F46F23E00290755 /* AppDelegate.swift in Sources */ = {isa = PBXBuildFile; fileRef = 116D7A7D1F46F23E00290755 /* AppDelegate.swift */; };
		116D7A801F46F23E00290755 /* ViewController.swift in Sources */ = {isa = PBXBuildFile; fileRef = 116D7A7F1F46F23E00290755 /* ViewController.swift */; };
		116D7A831F46F23E00290755 /* Main.storyboard in Resources */ = {isa = PBXBuildFile; fileRef = 116D7A811F46F23E00290755 /* Main.storyboard */; };
		116D7A851F46F23E00290755 /* Assets.xcassets in Resources */ = {isa = PBXBuildFile; fileRef = 116D7A841F46F23E00290755 /* Assets.xcassets */; };
		116D7A881F46F23E00290755 /* LaunchScreen.storyboard in Resources */ = {isa = PBXBuildFile; fileRef = 116D7A861F46F23E00290755 /* LaunchScreen.storyboard */; };
		116D7A901F46F25A00290755 /* LeoBundle.swift in Sources */ = {isa = PBXBuildFile; fileRef = 116D7A8F1F46F25A00290755 /* LeoBundle.swift */; };
		116D7A921F46F26E00290755 /* UIPunjabDistrictPickerTextfild.swift in Sources */ = {isa = PBXBuildFile; fileRef = 116D7A911F46F26E00290755 /* UIPunjabDistrictPickerTextfild.swift */; };
		116D7A941F46F27800290755 /* PunjabDistrict.csv in Resources */ = {isa = PBXBuildFile; fileRef = 116D7A931F46F27800290755 /* PunjabDistrict.csv */; };
		116D7A961F46F65900290755 /* Screen Shot 2017-08-18 at 3.47.15 PM.png in Resources */ = {isa = PBXBuildFile; fileRef = 116D7A951F46F65900290755 /* Screen Shot 2017-08-18 at 3.47.15 PM.png */; };
/* End PBXBuildFile section */

/* Begin PBXFileReference section */
		116D7A7A1F46F23E00290755 /* UIPunjabDistrictTextfield.app */ = {isa = PBXFileReference; explicitFileType = wrapper.application; includeInIndex = 0; path = UIPunjabDistrictTextfield.app; sourceTree = BUILT_PRODUCTS_DIR; };
		116D7A7D1F46F23E00290755 /* AppDelegate.swift */ = {isa = PBXFileReference; lastKnownFileType = sourcecode.swift; path = AppDelegate.swift; sourceTree = "<group>"; };
		116D7A7F1F46F23E00290755 /* ViewController.swift */ = {isa = PBXFileReference; lastKnownFileType = sourcecode.swift; path = ViewController.swift; sourceTree = "<group>"; };
		116D7A821F46F23E00290755 /* Base */ = {isa = PBXFileReference; lastKnownFileType = file.storyboard; name = Base; path = Base.lproj/Main.storyboard; sourceTree = "<group>"; };
		116D7A841F46F23E00290755 /* Assets.xcassets */ = {isa = PBXFileReference; lastKnownFileType = folder.assetcatalog; path = Assets.xcassets; sourceTree = "<group>"; };
		116D7A871F46F23E00290755 /* Base */ = {isa = PBXFileReference; lastKnownFileType = file.storyboard; name = Base; path = Base.lproj/LaunchScreen.storyboard; sourceTree = "<group>"; };
		116D7A891F46F23E00290755 /* Info.plist */ = {isa = PBXFileReference; lastKnownFileType = text.plist.xml; path = Info.plist; sourceTree = "<group>"; };
		116D7A8F1F46F25A00290755 /* LeoBundle.swift */ = {isa = PBXFileReference; fileEncoding = 4; lastKnownFileType = sourcecode.swift; path = LeoBundle.swift; sourceTree = "<group>"; };
		116D7A911F46F26E00290755 /* UIPunjabDistrictPickerTextfild.swift */ = {isa = PBXFileReference; fileEncoding = 4; lastKnownFileType = sourcecode.swift; path = UIPunjabDistrictPickerTextfild.swift; sourceTree = "<group>"; };
		116D7A931F46F27800290755 /* PunjabDistrict.csv */ = {isa = PBXFileReference; fileEncoding = 4; lastKnownFileType = text; path = PunjabDistrict.csv; sourceTree = "<group>"; };
		116D7A951F46F65900290755 /* Screen Shot 2017-08-18 at 3.47.15 PM.png */ = {isa = PBXFileReference; lastKnownFileType = image.png; path = "Screen Shot 2017-08-18 at 3.47.15 PM.png"; sourceTree = "<group>"; };
/* End PBXFileReference section */

/* Begin PBXFrameworksBuildPhase section */
		116D7A771F46F23E00290755 /* Frameworks */ = {
			isa = PBXFrameworksBuildPhase;
			buildActionMask = 2147483647;
			files = (
			);
			runOnlyForDeploymentPostprocessing = 0;
		};
/* End PBXFrameworksBuildPhase section */

/* Begin PBXGroup section */
		116D7A711F46F23E00290755 = {
			isa = PBXGroup;
			children = (
				116D7A7C1F46F23E00290755 /* UIPunjabDistrictTextfield */,
				116D7A7B1F46F23E00290755 /* Products */,
			);
			sourceTree = "<group>";
		};
		116D7A7B1F46F23E00290755 /* Products */ = {
			isa = PBXGroup;
			children = (
				116D7A7A1F46F23E00290755 /* UIPunjabDistrictTextfield.app */,
			);
			name = Products;
			sourceTree = "<group>";
		};
		116D7A7C1F46F23E00290755 /* UIPunjabDistrictTextfield */ = {
			isa = PBXGroup;
			children = (
				116D7A7D1F46F23E00290755 /* AppDelegate.swift */,
				116D7A7F1F46F23E00290755 /* ViewController.swift */,
				116D7A931F46F27800290755 /* PunjabDistrict.csv */,
				116D7A8F1F46F25A00290755 /* LeoBundle.swift */,
				116D7A951F46F65900290755 /* Screen Shot 2017-08-18 at 3.47.15 PM.png */,
				116D7A911F46F26E00290755 /* UIPunjabDistrictPickerTextfild.swift */,
				116D7A811F46F23E00290755 /* Main.storyboard */,
				116D7A841F46F23E00290755 /* Assets.xcassets */,
				116D7A861F46F23E00290755 /* LaunchScreen.storyboard */,
				116D7A891F46F23E00290755 /* Info.plist */,
			);
			path = UIPunjabDistrictTextfield;
			sourceTree = "<group>";
		};
/* End PBXGroup section */

/* Begin PBXNativeTarget section */
		116D7A791F46F23E00290755 /* UIPunjabDistrictTextfield */ = {
			isa = PBXNativeTarget;
			buildConfigurationList = 116D7A8C1F46F23E00290755 /* Build configuration list for PBXNativeTarget "UIPunjabDistrictTextfield" */;
			buildPhases = (
				116D7A761F46F23E00290755 /* Sources */,
				116D7A771F46F23E00290755 /* Frameworks */,
				116D7A781F46F23E00290755 /* Resources */,
			);
			buildRules = (
			);
			dependencies = (
			);
			name = UIPunjabDistrictTextfield;
			productName = UIPunjabDistrictTextfield;
			productReference = 116D7A7A1F46F23E00290755 /* UIPunjabDistrictTextfield.app */;
			productType = "com.apple.product-type.application";
		};
/* End PBXNativeTarget section */

/* Begin PBXProject section */
		116D7A721F46F23E00290755 /* Project object */ = {
			isa = PBXProject;
			attributes = {
				LastSwiftUpdateCheck = 0830;
				LastUpgradeCheck = 0830;
				ORGANIZATIONNAME = "vijay vir";
				TargetAttributes = {
					116D7A791F46F23E00290755 = {
						CreatedOnToolsVersion = 8.3.3;
						ProvisioningStyle = Automatic;
					};
				};
			};
			buildConfigurationList = 116D7A751F46F23E00290755 /* Build configuration list for PBXProject "UIPunjabDistrictTextfield" */;
			compatibilityVersion = "Xcode 3.2";
			developmentRegion = English;
			hasScannedForEncodings = 0;
			knownRegions = (
				en,
				Base,
			);
			mainGroup = 116D7A711F46F23E00290755;
			productRefGroup = 116D7A7B1F46F23E00290755 /* Products */;
			projectDirPath = "";
			projectRoot = "";
			targets = (
				116D7A791F46F23E00290755 /* UIPunjabDistrictTextfield */,
			);
		};
/* End PBXProject section */

/* Begin PBXResourcesBuildPhase section */
		116D7A781F46F23E00290755 /* Resources */ = {
			isa = PBXResourcesBuildPhase;
			buildActionMask = 2147483647;
			files = (
				116D7A881F46F23E00290755 /* LaunchScreen.storyboard in Resources */,
				116D7A851F46F23E00290755 /* Assets.xcassets in Resources */,
				116D7A941F46F27800290755 /* PunjabDistrict.csv in Resources */,
				116D7A831F46F23E00290755 /* Main.storyboard in Resources */,
				116D7A961F46F65900290755 /* Screen Shot 2017-08-18 at 3.47.15 PM.png in Resources */,
			);
			runOnlyForDeploymentPostprocessing = 0;
		};
/* End PBXResourcesBuildPhase section */

/* Begin PBXSourcesBuildPhase section */
		116D7A761F46F23E00290755 /* Sources */ = {
			isa = PBXSourcesBuildPhase;
			buildActionMask = 2147483647;
			files = (
				116D7A801F46F23E00290755 /* ViewController.swift in Sources */,
				116D7A921F46F26E00290755 /* UIPunjabDistrictPickerTextfild.swift in Sources */,
				116D7A901F46F25A00290755 /* LeoBundle.swift in Sources */,
				116D7A7E1F46F23E00290755 /* AppDelegate.swift in Sources */,
			);
			runOnlyForDeploymentPostprocessing = 0;
		};
/* End PBXSourcesBuildPhase section */

/* Begin PBXVariantGroup section */
		116D7A811F46F23E00290755 /* Main.storyboard */ = {
			isa = PBXVariantGroup;
			children = (
				116D7A821F46F23E00290755 /* Base */,
			);
			name = Main.storyboard;
			sourceTree = "<group>";
		};
		116D7A861F46F23E00290755 /* LaunchScreen.storyboard */ = {
			isa = PBXVariantGroup;
			children = (
				116D7A871F46F23E00290755 /* Base */,
			);
			name = LaunchScreen.storyboard;
			sourceTree = "<group>";
		};
/* End PBXVariantGroup section */

/* Begin XCBuildConfiguration section */
		116D7A8A1F46F23E00290755 /* Debug */ = {
			isa = XCBuildConfiguration;
			buildSettings = {
				ALWAYS_SEARCH_USER_PATHS = NO;
				CLANG_ANALYZER_NONNULL = YES;
				CLANG_ANALYZER_NUMBER_OBJECT_CONVERSION = YES_AGGRESSIVE;
				CLANG_CXX_LANGUAGE_STANDARD = "gnu++0x";
				CLANG_CXX_LIBRARY = "libc++";
				CLANG_ENABLE_MODULES = YES;
				CLANG_ENABLE_OBJC_ARC = YES;
				CLANG_WARN_BOOL_CONVERSION = YES;
				CLANG_WARN_CONSTANT_CONVERSION = YES;
				CLANG_WARN_DIRECT_OBJC_ISA_USAGE = YES_ERROR;
				CLANG_WARN_DOCUMENTATION_COMMENTS = YES;
				CLANG_WARN_EMPTY_BODY = YES;
				CLANG_WARN_ENUM_CONVERSION = YES;
				CLANG_WARN_INFINITE_RECURSION = YES;
				CLANG_WARN_INT_CONVERSION = YES;
				CLANG_WARN_OBJC_ROOT_CLASS = YES_ERROR;
				CLANG_WARN_SUSPICIOUS_MOVE = YES;
				CLANG_WARN_UNREACHABLE_CODE = YES;
				CLANG_WARN__DUPLICATE_METHOD_MATCH = YES;
				"CODE_SIGN_IDENTITY[sdk=iphoneos*]" = "iPhone Developer";
				COPY_PHASE_STRIP = NO;
				DEBUG_INFORMATION_FORMAT = dwarf;
				ENABLE_STRICT_OBJC_MSGSEND = YES;
				ENABLE_TESTABILITY = YES;
				GCC_C_LANGUAGE_STANDARD = gnu99;
				GCC_DYNAMIC_NO_PIC = NO;
				GCC_NO_COMMON_BLOCKS = YES;
				GCC_OPTIMIZATION_LEVEL = 0;
				GCC_PREPROCESSOR_DEFINITIONS = (
					"DEBUG=1",
					"$(inherited)",
				);
				GCC_WARN_64_TO_32_BIT_CONVERSION = YES;
				GCC_WARN_ABOUT_RETURN_TYPE = YES_ERROR;
				GCC_WARN_UNDECLARED_SELECTOR = YES;
				GCC_WARN_UNINITIALIZED_AUTOS = YES_AGGRESSIVE;
				GCC_WARN_UNUSED_FUNCTION = YES;
				GCC_WARN_UNUSED_VARIABLE = YES;
				IPHONEOS_DEPLOYMENT_TARGET = 10.3;
				MTL_ENABLE_DEBUG_INFO = YES;
				ONLY_ACTIVE_ARCH = YES;
				SDKROOT = iphoneos;
				SWIFT_ACTIVE_COMPILATION_CONDITIONS = DEBUG;
				SWIFT_OPTIMIZATION_LEVEL = "-Onone";
			};
			name = Debug;
		};
		116D7A8B1F46F23E00290755 /* Release */ = {
			isa = XCBuildConfiguration;
			buildSettings = {
				ALWAYS_SEARCH_USER_PATHS = NO;
				CLANG_ANALYZER_NONNULL = YES;
				CLANG_ANALYZER_NUMBER_OBJECT_CONVERSION = YES_AGGRESSIVE;
				CLANG_CXX_LANGUAGE_STANDARD = "gnu++0x";
				CLANG_CXX_LIBRARY = "libc++";
				CLANG_ENABLE_MODULES = YES;
				CLANG_ENABLE_OBJC_ARC = YES;
				CLANG_WARN_BOOL_CONVERSION = YES;
				CLANG_WARN_CONSTANT_CONVERSION = YES;
				CLANG_WARN_DIRECT_OBJC_ISA_USAGE = YES_ERROR;
				CLANG_WARN_DOCUMENTATION_COMMENTS = YES;
				CLANG_WARN_EMPTY_BODY = YES;
				CLANG_WARN_ENUM_CONVERSION = YES;
				CLANG_WARN_INFINITE_RECURSION = YES;
				CLANG_WARN_INT_CONVERSION = YES;
				CLANG_WARN_OBJC_ROOT_CLASS = YES_ERROR;
				CLANG_WARN_SUSPICIOUS_MOVE = YES;
				CLANG_WARN_UNREACHABLE_CODE = YES;
				CLANG_WARN__DUPLICATE_METHOD_MATCH = YES;
				"CODE_SIGN_IDENTITY[sdk=iphoneos*]" = "iPhone Developer";
				COPY_PHASE_STRIP = NO;
				DEBUG_INFORMATION_FORMAT = "dwarf-with-dsym";
				ENABLE_NS_ASSERTIONS = NO;
				ENABLE_STRICT_OBJC_MSGSEND = YES;
				GCC_C_LANGUAGE_STANDARD = gnu99;
				GCC_NO_COMMON_BLOCKS = YES;
				GCC_WARN_64_TO_32_BIT_CONVERSION = YES;
				GCC_WARN_ABOUT_RETURN_TYPE = YES_ERROR;
				GCC_WARN_UNDECLARED_SELECTOR = YES;
				GCC_WARN_UNINITIALIZED_AUTOS = YES_AGGRESSIVE;
				GCC_WARN_UNUSED_FUNCTION = YES;
				GCC_WARN_UNUSED_VARIABLE = YES;
				IPHONEOS_DEPLOYMENT_TARGET = 10.3;
				MTL_ENABLE_DEBUG_INFO = NO;
				SDKROOT = iphoneos;
				SWIFT_OPTIMIZATION_LEVEL = "-Owholemodule";
				VALIDATE_PRODUCT = YES;
			};
			name = Release;
		};
		116D7A8D1F46F23E00290755 /* Debug */ = {
			isa = XCBuildConfiguration;
			buildSettings = {
				ASSETCATALOG_COMPILER_APPICON_NAME = AppIcon;
				INFOPLIST_FILE = UIPunjabDistrictTextfield/Info.plist;
				LD_RUNPATH_SEARCH_PATHS = "$(inherited) @executable_path/Frameworks";
				PRODUCT_BUNDLE_IDENTIFIER = com.Pantlia.UIPunjabDistrictTextfield;
				PRODUCT_NAME = "$(TARGET_NAME)";
				SWIFT_VERSION = 3.0;
			};
			name = Debug;
		};
		116D7A8E1F46F23E00290755 /* Release */ = {
			isa = XCBuildConfiguration;
			buildSettings = {
				ASSETCATALOG_COMPILER_APPICON_NAME = AppIcon;
				INFOPLIST_FILE = UIPunjabDistrictTextfield/Info.plist;
				LD_RUNPATH_SEARCH_PATHS = "$(inherited) @executable_path/Frameworks";
				PRODUCT_BUNDLE_IDENTIFIER = com.Pantlia.UIPunjabDistrictTextfield;
				PRODUCT_NAME = "$(TARGET_NAME)";
				SWIFT_VERSION = 3.0;
			};
			name = Release;
		};
/* End XCBuildConfiguration section */

/* Begin XCConfigurationList section */
		116D7A751F46F23E00290755 /* Build configuration list for PBXProject "UIPunjabDistrictTextfield" */ = {
			isa = XCConfigurationList;
			buildConfigurations = (
				116D7A8A1F46F23E00290755 /* Debug */,
				116D7A8B1F46F23E00290755 /* Release */,
			);
			defaultConfigurationIsVisible = 0;
			defaultConfigurationName = Release;
		};
		116D7A8C1F46F23E00290755 /* Build configuration list for PBXNativeTarget "UIPunjabDistrictTextfield" */ = {
			isa = XCConfigurationList;
			buildConfigurations = (
				116D7A8D1F46F23E00290755 /* Debug */,
				116D7A8E1F46F23E00290755 /* Release */,
			);
			defaultConfigurationIsVisible = 0;
		};
/* End XCConfigurationList section */
	};
	rootObject = 116D7A721F46F23E00290755 /* Project object */;
}
