// !$*UTF8*$!
{
	archiveVersion = 1;
	classes = {
	};
	objectVersion = 48;
	objects = {

/* Begin PBXBuildFile section */
		11CE12C41F44564900443CBE /* AppDelegate.swift in Sources */ = {isa = PBXBuildFile; fileRef = 11CE12C31F44564900443CBE /* AppDelegate.swift */; };
		11CE12C61F44564900443CBE /* ViewController.swift in Sources */ = {isa = PBXBuildFile; fileRef = 11CE12C51F44564900443CBE /* ViewController.swift */; };
		11CE12C91F44564900443CBE /* Main.storyboard in Resources */ = {isa = PBXBuildFile; fileRef = 11CE12C71F44564900443CBE /* Main.storyboard */; };
		11CE12CB1F44564900443CBE /* Assets.xcassets in Resources */ = {isa = PBXBuildFile; fileRef = 11CE12CA1F44564900443CBE /* Assets.xcassets */; };
		11CE12CE1F44564900443CBE /* LaunchScreen.storyboard in Resources */ = {isa = PBXBuildFile; fileRef = 11CE12CC1F44564900443CBE /* LaunchScreen.storyboard */; };
		11CE12D61F44565700443CBE /* LeoUITimePickerTextField.swift in Sources */ = {isa = PBXBuildFile; fileRef = 11CE12D51F44565700443CBE /* LeoUITimePickerTextField.swift */; };
/* End PBXBuildFile section */

/* Begin PBXFileReference section */
		11137C741F445C9600554888 /* Screen Shot 2017-08-16 at 12.06.08 PM.png */ = {isa = PBXFileReference; lastKnownFileType = image.png; path = "Screen Shot 2017-08-16 at 12.06.08 PM.png"; sourceTree = "<group>"; };
		11137C751F44639D00554888 /* Screen Shot 2017-08-16 at 4.52.31 PM.png */ = {isa = PBXFileReference; lastKnownFileType = image.png; path = "Screen Shot 2017-08-16 at 4.52.31 PM.png"; sourceTree = "<group>"; };
		11137C761F44643C00554888 /* README.md */ = {isa = PBXFileReference; lastKnownFileType = net.daringfireball.markdown; path = README.md; sourceTree = "<group>"; };
		11CE12C01F44564900443CBE /* UITimePickerTextfield.app */ = {isa = PBXFileReference; explicitFileType = wrapper.application; includeInIndex = 0; path = UITimePickerTextfield.app; sourceTree = BUILT_PRODUCTS_DIR; };
		11CE12C31F44564900443CBE /* AppDelegate.swift */ = {isa = PBXFileReference; lastKnownFileType = sourcecode.swift; path = AppDelegate.swift; sourceTree = "<group>"; };
		11CE12C51F44564900443CBE /* ViewController.swift */ = {isa = PBXFileReference; lastKnownFileType = sourcecode.swift; path = ViewController.swift; sourceTree = "<group>"; };
		11CE12C81F44564900443CBE /* Base */ = {isa = PBXFileReference; lastKnownFileType = file.storyboard; name = Base; path = Base.lproj/Main.storyboard; sourceTree = "<group>"; };
		11CE12CA1F44564900443CBE /* Assets.xcassets */ = {isa = PBXFileReference; lastKnownFileType = folder.assetcatalog; path = Assets.xcassets; sourceTree = "<group>"; };
		11CE12CD1F44564900443CBE /* Base */ = {isa = PBXFileReference; lastKnownFileType = file.storyboard; name = Base; path = Base.lproj/LaunchScreen.storyboard; sourceTree = "<group>"; };
		11CE12CF1F44564900443CBE /* Info.plist */ = {isa = PBXFileReference; lastKnownFileType = text.plist.xml; path = Info.plist; sourceTree = "<group>"; };
		11CE12D51F44565700443CBE /* LeoUITimePickerTextField.swift */ = {isa = PBXFileReference; fileEncoding = 4; lastKnownFileType = sourcecode.swift; path = LeoUITimePickerTextField.swift; sourceTree = "<group>"; };
/* End PBXFileReference section */

/* Begin PBXFrameworksBuildPhase section */
		11CE12BD1F44564900443CBE /* Frameworks */ = {
			isa = PBXFrameworksBuildPhase;
			buildActionMask = 2147483647;
			files = (
			);
			runOnlyForDeploymentPostprocessing = 0;
		};
/* End PBXFrameworksBuildPhase section */

/* Begin PBXGroup section */
		11CE12B71F44564900443CBE = {
			isa = PBXGroup;
			children = (
				11137C761F44643C00554888 /* README.md */,
				11CE12C21F44564900443CBE /* UITimePickerTextfield */,
				11CE12C11F44564900443CBE /* Products */,
			);
			sourceTree = "<group>";
		};
		11CE12C11F44564900443CBE /* Products */ = {
			isa = PBXGroup;
			children = (
				11CE12C01F44564900443CBE /* UITimePickerTextfield.app */,
			);
			name = Products;
			sourceTree = "<group>";
		};
		11CE12C21F44564900443CBE /* UITimePickerTextfield */ = {
			isa = PBXGroup;
			children = (
				11CE12C31F44564900443CBE /* AppDelegate.swift */,
				11CE12C51F44564900443CBE /* ViewController.swift */,
				11CE12D51F44565700443CBE /* LeoUITimePickerTextField.swift */,
				11137C741F445C9600554888 /* Screen Shot 2017-08-16 at 12.06.08 PM.png */,
				11137C751F44639D00554888 /* Screen Shot 2017-08-16 at 4.52.31 PM.png */,
				11CE12C71F44564900443CBE /* Main.storyboard */,
				11CE12CA1F44564900443CBE /* Assets.xcassets */,
				11CE12CC1F44564900443CBE /* LaunchScreen.storyboard */,
				11CE12CF1F44564900443CBE /* Info.plist */,
			);
			path = UITimePickerTextfield;
			sourceTree = "<group>";
		};
/* End PBXGroup section */

/* Begin PBXNativeTarget section */
		11CE12BF1F44564900443CBE /* UITimePickerTextfield */ = {
			isa = PBXNativeTarget;
			buildConfigurationList = 11CE12D21F44564900443CBE /* Build configuration list for PBXNativeTarget "UITimePickerTextfield" */;
			buildPhases = (
				11CE12BC1F44564900443CBE /* Sources */,
				11CE12BD1F44564900443CBE /* Frameworks */,
				11CE12BE1F44564900443CBE /* Resources */,
			);
			buildRules = (
			);
			dependencies = (
			);
			name = UITimePickerTextfield;
			productName = UITimePickerTextfield;
			productReference = 11CE12C01F44564900443CBE /* UITimePickerTextfield.app */;
			productType = "com.apple.product-type.application";
		};
/* End PBXNativeTarget section */

/* Begin PBXProject section */
		11CE12B81F44564900443CBE /* Project object */ = {
			isa = PBXProject;
			attributes = {
				LastSwiftUpdateCheck = 0900;
				LastUpgradeCheck = 0900;
				ORGANIZATIONNAME = "vijay vir";
				TargetAttributes = {
					11CE12BF1F44564900443CBE = {
						CreatedOnToolsVersion = 9.0;
					};
				};
			};
			buildConfigurationList = 11CE12BB1F44564900443CBE /* Build configuration list for PBXProject "UITimePickerTextfield" */;
			compatibilityVersion = "Xcode 8.0";
			developmentRegion = en;
			hasScannedForEncodings = 0;
			knownRegions = (
				en,
				Base,
			);
			mainGroup = 11CE12B71F44564900443CBE;
			productRefGroup = 11CE12C11F44564900443CBE /* Products */;
			projectDirPath = "";
			projectRoot = "";
			targets = (
				11CE12BF1F44564900443CBE /* UITimePickerTextfield */,
			);
		};
/* End PBXProject section */

/* Begin PBXResourcesBuildPhase section */
		11CE12BE1F44564900443CBE /* Resources */ = {
			isa = PBXResourcesBuildPhase;
			buildActionMask = 2147483647;
			files = (
				11CE12CE1F44564900443CBE /* LaunchScreen.storyboard in Resources */,
				11CE12CB1F44564900443CBE /* Assets.xcassets in Resources */,
				11CE12C91F44564900443CBE /* Main.storyboard in Resources */,
			);
			runOnlyForDeploymentPostprocessing = 0;
		};
/* End PBXResourcesBuildPhase section */

/* Begin PBXSourcesBuildPhase section */
		11CE12BC1F44564900443CBE /* Sources */ = {
			isa = PBXSourcesBuildPhase;
			buildActionMask = 2147483647;
			files = (
				11CE12C61F44564900443CBE /* ViewController.swift in Sources */,
				11CE12D61F44565700443CBE /* LeoUITimePickerTextField.swift in Sources */,
				11CE12C41F44564900443CBE /* AppDelegate.swift in Sources */,
			);
			runOnlyForDeploymentPostprocessing = 0;
		};
/* End PBXSourcesBuildPhase section */

/* Begin PBXVariantGroup section */
		11CE12C71F44564900443CBE /* Main.storyboard */ = {
			isa = PBXVariantGroup;
			children = (
				11CE12C81F44564900443CBE /* Base */,
			);
			name = Main.storyboard;
			sourceTree = "<group>";
		};
		11CE12CC1F44564900443CBE /* LaunchScreen.storyboard */ = {
			isa = PBXVariantGroup;
			children = (
				11CE12CD1F44564900443CBE /* Base */,
			);
			name = LaunchScreen.storyboard;
			sourceTree = "<group>";
		};
/* End PBXVariantGroup section */

/* Begin XCBuildConfiguration section */
		11CE12D01F44564900443CBE /* Debug */ = {
			isa = XCBuildConfiguration;
			buildSettings = {
				ALWAYS_SEARCH_USER_PATHS = NO;
				CLANG_ANALYZER_NONNULL = YES;
				CLANG_ANALYZER_NUMBER_OBJECT_CONVERSION = YES_AGGRESSIVE;
				CLANG_CXX_LANGUAGE_STANDARD = "gnu++14";
				CLANG_CXX_LIBRARY = "libc++";
				CLANG_ENABLE_MODULES = YES;
				CLANG_ENABLE_OBJC_ARC = YES;
				CLANG_WARN_BLOCK_CAPTURE_AUTORELEASING = YES;
				CLANG_WARN_BOOL_CONVERSION = YES;
				CLANG_WARN_COMMA = YES;
				CLANG_WARN_CONSTANT_CONVERSION = YES;
				CLANG_WARN_DIRECT_OBJC_ISA_USAGE = YES_ERROR;
				CLANG_WARN_DOCUMENTATION_COMMENTS = YES;
				CLANG_WARN_EMPTY_BODY = YES;
				CLANG_WARN_ENUM_CONVERSION = YES;
				CLANG_WARN_INFINITE_RECURSION = YES;
				CLANG_WARN_INT_CONVERSION = YES;
				CLANG_WARN_NON_LITERAL_NULL_CONVERSION = YES;
				CLANG_WARN_OBJC_LITERAL_CONVERSION = YES;
				CLANG_WARN_OBJC_ROOT_CLASS = YES_ERROR;
				CLANG_WARN_RANGE_LOOP_ANALYSIS = YES;
				CLANG_WARN_STRICT_PROTOTYPES = YES;
				CLANG_WARN_SUSPICIOUS_MOVE = YES;
				CLANG_WARN_UNGUARDED_AVAILABILITY = YES_AGGRESSIVE;
				CLANG_WARN_UNREACHABLE_CODE = YES;
				CLANG_WARN__DUPLICATE_METHOD_MATCH = YES;
				CODE_SIGN_IDENTITY = "iPhone Developer";
				COPY_PHASE_STRIP = NO;
				DEBUG_INFORMATION_FORMAT = dwarf;
				ENABLE_STRICT_OBJC_MSGSEND = YES;
				ENABLE_TESTABILITY = YES;
				GCC_C_LANGUAGE_STANDARD = gnu11;
				GCC_DYNAMIC_NO_PIC = NO;
				GCC_NO_COMMON_BLOCKS = YES;
				GCC_OPTIMIZATION_LEVEL = 0;
				GCC_PREPROCESSOR_DEFINITIONS = (
					"DEBUG=1",
					"$(inherited)",
				);
				GCC_WARN_64_TO_32_BIT_CONVERSION = YES;
				GCC_WARN_ABOUT_RETURN_TYPE = YES_ERROR;
				GCC_WARN_UNDECLARED_SELECTOR = YES;
				GCC_WARN_UNINITIALIZED_AUTOS = YES_AGGRESSIVE;
				GCC_WARN_UNUSED_FUNCTION = YES;
				GCC_WARN_UNUSED_VARIABLE = YES;
				IPHONEOS_DEPLOYMENT_TARGET = 10.0;
				MTL_ENABLE_DEBUG_INFO = YES;
				ONLY_ACTIVE_ARCH = YES;
				SDKROOT = iphoneos;
				SWIFT_ACTIVE_COMPILATION_CONDITIONS = DEBUG;
				SWIFT_OPTIMIZATION_LEVEL = "-Onone";
			};
			name = Debug;
		};
		11CE12D11F44564900443CBE /* Release */ = {
			isa = XCBuildConfiguration;
			buildSettings = {
				ALWAYS_SEARCH_USER_PATHS = NO;
				CLANG_ANALYZER_NONNULL = YES;
				CLANG_ANALYZER_NUMBER_OBJECT_CONVERSION = YES_AGGRESSIVE;
				CLANG_CXX_LANGUAGE_STANDARD = "gnu++14";
				CLANG_CXX_LIBRARY = "libc++";
				CLANG_ENABLE_MODULES = YES;
				CLANG_ENABLE_OBJC_ARC = YES;
				CLANG_WARN_BLOCK_CAPTURE_AUTORELEASING = YES;
				CLANG_WARN_BOOL_CONVERSION = YES;
				CLANG_WARN_COMMA = YES;
				CLANG_WARN_CONSTANT_CONVERSION = YES;
				CLANG_WARN_DIRECT_OBJC_ISA_USAGE = YES_ERROR;
				CLANG_WARN_DOCUMENTATION_COMMENTS = YES;
				CLANG_WARN_EMPTY_BODY = YES;
				CLANG_WARN_ENUM_CONVERSION = YES;
				CLANG_WARN_INFINITE_RECURSION = YES;
				CLANG_WARN_INT_CONVERSION = YES;
				CLANG_WARN_NON_LITERAL_NULL_CONVERSION = YES;
				CLANG_WARN_OBJC_LITERAL_CONVERSION = YES;
				CLANG_WARN_OBJC_ROOT_CLASS = YES_ERROR;
				CLANG_WARN_RANGE_LOOP_ANALYSIS = YES;
				CLANG_WARN_STRICT_PROTOTYPES = YES;
				CLANG_WARN_SUSPICIOUS_MOVE = YES;
				CLANG_WARN_UNGUARDED_AVAILABILITY = YES_AGGRESSIVE;
				CLANG_WARN_UNREACHABLE_CODE = YES;
				CLANG_WARN__DUPLICATE_METHOD_MATCH = YES;
				CODE_SIGN_IDENTITY = "iPhone Developer";
				COPY_PHASE_STRIP = NO;
				DEBUG_INFORMATION_FORMAT = "dwarf-with-dsym";
				ENABLE_NS_ASSERTIONS = NO;
				ENABLE_STRICT_OBJC_MSGSEND = YES;
				GCC_C_LANGUAGE_STANDARD = gnu11;
				GCC_NO_COMMON_BLOCKS = YES;
				GCC_WARN_64_TO_32_BIT_CONVERSION = YES;
				GCC_WARN_ABOUT_RETURN_TYPE = YES_ERROR;
				GCC_WARN_UNDECLARED_SELECTOR = YES;
				GCC_WARN_UNINITIALIZED_AUTOS = YES_AGGRESSIVE;
				GCC_WARN_UNUSED_FUNCTION = YES;
				GCC_WARN_UNUSED_VARIABLE = YES;
				IPHONEOS_DEPLOYMENT_TARGET = 10.0;
				MTL_ENABLE_DEBUG_INFO = NO;
				SDKROOT = iphoneos;
				SWIFT_OPTIMIZATION_LEVEL = "-Owholemodule";
				VALIDATE_PRODUCT = YES;
			};
			name = Release;
		};
		11CE12D31F44564900443CBE /* Debug */ = {
			isa = XCBuildConfiguration;
			buildSettings = {
				ASSETCATALOG_COMPILER_APPICON_NAME = AppIcon;
				INFOPLIST_FILE = UITimePickerTextfield/Info.plist;
				IPHONEOS_DEPLOYMENT_TARGET = 10.0;
				LD_RUNPATH_SEARCH_PATHS = "$(inherited) @executable_path/Frameworks";
				PRODUCT_BUNDLE_IDENTIFIER = com.Pantlia.UITimePickerTextfield;
				PRODUCT_NAME = "$(TARGET_NAME)";
				SWIFT_VERSION = 3.0;
				TARGETED_DEVICE_FAMILY = "1,2";
			};
			name = Debug;
		};
		11CE12D41F44564900443CBE /* Release */ = {
			isa = XCBuildConfiguration;
			buildSettings = {
				ASSETCATALOG_COMPILER_APPICON_NAME = AppIcon;
				INFOPLIST_FILE = UITimePickerTextfield/Info.plist;
				IPHONEOS_DEPLOYMENT_TARGET = 10.0;
				LD_RUNPATH_SEARCH_PATHS = "$(inherited) @executable_path/Frameworks";
				PRODUCT_BUNDLE_IDENTIFIER = com.Pantlia.UITimePickerTextfield;
				PRODUCT_NAME = "$(TARGET_NAME)";
				SWIFT_VERSION = 3.0;
				TARGETED_DEVICE_FAMILY = "1,2";
			};
			name = Release;
		};
/* End XCBuildConfiguration section */

/* Begin XCConfigurationList section */
		11CE12BB1F44564900443CBE /* Build configuration list for PBXProject "UITimePickerTextfield" */ = {
			isa = XCConfigurationList;
			buildConfigurations = (
				11CE12D01F44564900443CBE /* Debug */,
				11CE12D11F44564900443CBE /* Release */,
			);
			defaultConfigurationIsVisible = 0;
			defaultConfigurationName = Release;
		};
		11CE12D21F44564900443CBE /* Build configuration list for PBXNativeTarget "UITimePickerTextfield" */ = {
			isa = XCConfigurationList;
			buildConfigurations = (
				11CE12D31F44564900443CBE /* Debug */,
				11CE12D41F44564900443CBE /* Release */,
			);
			defaultConfigurationIsVisible = 0;
			defaultConfigurationName = Release;
		};
/* End XCConfigurationList section */
	};
	rootObject = 11CE12B81F44564900443CBE /* Project object */;
}
